
Microsoft Visual Studio Solution File, Format Version 12.00
# Visual Studio Version 16
VisualStudioVersion = 16.0.31424.327
MinimumVisualStudioVersion = 10.0.40219.1
Project("{FAE04EC0-301F-11D3-BF4B-00C04F79EFBC}") = "DependencyInjection", "DependencyInjection.csproj", "{DDEF1333-D1EB-4A83-AD5C-AF0C89563978}"
EndProject
Global
	GlobalSection(SolutionConfigurationPlatforms) = preSolution
		Debug|Any CPU = Debug|Any CPU
		Release|Any CPU = Release|Any CPU
	EndGlobalSection
	GlobalSection(ProjectConfigurationPlatforms) = postSolution
		{DDEF1333-D1EB-4A83-AD5C-AF0C89563978}.Debug|Any CPU.ActiveCfg = Debug|Any CPU
		{DDEF1333-D1EB-4A83-AD5C-AF0C89563978}.Debug|Any CPU.Build.0 = Debug|Any CPU
		{DDEF1333-D1EB-4A83-AD5C-AF0C89563978}.Release|Any CPU.ActiveCfg = Release|Any CPU
		{DDEF1333-D1EB-4A83-AD5C-AF0C89563978}.Release|Any CPU.Build.0 = Release|Any CPU
	EndGlobalSection
	GlobalSection(SolutionProperties) = preSolution
		HideSolutionNode = FALSE
	EndGlobalSection
	GlobalSection(ExtensibilityGlobals) = postSolution
		SolutionGuid = {06D404EA-033B-4689-B26D-FC37547ED7F4}
	EndGlobalSection
EndGlobal
